
Microsoft Visual Studio Solution File, Format Version 12.00
# Visual Studio 15
VisualStudioVersion = 15.0.26124.0
MinimumVisualStudioVersion = 15.0.26124.0
Project("{FAE04EC0-301F-11D3-BF4B-00C04F79EFBC}") = "LibAtem", "LibAtem\LibAtem\LibAtem.csproj", "{7990852A-D16B-4A5D-B9F8-09B8B4366E5C}"
EndProject
Project("{FAE04EC0-301F-11D3-BF4B-00C04F79EFBC}") = "AtemServer", "AtemServer\AtemServer.csproj", "{87C208A6-60D7-4D03-9AF4-C537DA3D8A62}"
EndProject
Project("{FAE04EC0-301F-11D3-BF4B-00C04F79EFBC}") = "LibAtem.Test", "LibAtem\LibAtem.Test\LibAtem.Test.csproj", "{52D99257-C97B-4E11-80F8-E6C3314FFE66}"
EndProject
Project("{FAE04EC0-301F-11D3-BF4B-00C04F79EFBC}") = "LibAtem.Discovery", "LibAtem\LibAtem.Discovery\LibAtem.Discovery.csproj", "{7D9490B5-FD0C-4C8D-BC33-46C5B39F9256}"
EndProject
Project("{FAE04EC0-301F-11D3-BF4B-00C04F79EFBC}") = "LibAtem.DeviceProfile", "LibAtem\LibAtem.DeviceProfile\LibAtem.DeviceProfile.csproj", "{B019D4D1-F598-47F5-80E6-6141CCED33E6}"
EndProject
Project("{FAE04EC0-301F-11D3-BF4B-00C04F79EFBC}") = "LibAtem.State", "LibAtem\LibAtem.State\LibAtem.State.csproj", "{78576036-46E4-4920-8A92-E923F2610B81}"
EndProject
Project("{FAE04EC0-301F-11D3-BF4B-00C04F79EFBC}") = "LibAtem.State.Test", "LibAtem\LibAtem.State.Test\LibAtem.State.Test.csproj", "{B8FDD2D0-39C7-4BA6-8885-F8DA57778C0A}"
EndProject
Global
	GlobalSection(SolutionConfigurationPlatforms) = preSolution
		Debug|Any CPU = Debug|Any CPU
		Debug|x64 = Debug|x64
		Debug|x86 = Debug|x86
		Release|Any CPU = Release|Any CPU
		Release|x64 = Release|x64
		Release|x86 = Release|x86
	EndGlobalSection
	GlobalSection(SolutionProperties) = preSolution
		HideSolutionNode = FALSE
	EndGlobalSection
	GlobalSection(ProjectConfigurationPlatforms) = postSolution
		{7990852A-D16B-4A5D-B9F8-09B8B4366E5C}.Debug|Any CPU.ActiveCfg = Debug|Any CPU
		{7990852A-D16B-4A5D-B9F8-09B8B4366E5C}.Debug|Any CPU.Build.0 = Debug|Any CPU
		{7990852A-D16B-4A5D-B9F8-09B8B4366E5C}.Debug|x64.ActiveCfg = Debug|Any CPU
		{7990852A-D16B-4A5D-B9F8-09B8B4366E5C}.Debug|x64.Build.0 = Debug|Any CPU
		{7990852A-D16B-4A5D-B9F8-09B8B4366E5C}.Debug|x86.ActiveCfg = Debug|Any CPU
		{7990852A-D16B-4A5D-B9F8-09B8B4366E5C}.Debug|x86.Build.0 = Debug|Any CPU
		{7990852A-D16B-4A5D-B9F8-09B8B4366E5C}.Release|Any CPU.ActiveCfg = Release|Any CPU
		{7990852A-D16B-4A5D-B9F8-09B8B4366E5C}.Release|Any CPU.Build.0 = Release|Any CPU
		{7990852A-D16B-4A5D-B9F8-09B8B4366E5C}.Release|x64.ActiveCfg = Release|Any CPU
		{7990852A-D16B-4A5D-B9F8-09B8B4366E5C}.Release|x64.Build.0 = Release|Any CPU
		{7990852A-D16B-4A5D-B9F8-09B8B4366E5C}.Release|x86.ActiveCfg = Release|Any CPU
		{7990852A-D16B-4A5D-B9F8-09B8B4366E5C}.Release|x86.Build.0 = Release|Any CPU
		{87C208A6-60D7-4D03-9AF4-C537DA3D8A62}.Debug|Any CPU.ActiveCfg = Debug|Any CPU
		{87C208A6-60D7-4D03-9AF4-C537DA3D8A62}.Debug|Any CPU.Build.0 = Debug|Any CPU
		{87C208A6-60D7-4D03-9AF4-C537DA3D8A62}.Debug|x64.ActiveCfg = Debug|Any CPU
		{87C208A6-60D7-4D03-9AF4-C537DA3D8A62}.Debug|x64.Build.0 = Debug|Any CPU
		{87C208A6-60D7-4D03-9AF4-C537DA3D8A62}.Debug|x86.ActiveCfg = Debug|Any CPU
		{87C208A6-60D7-4D03-9AF4-C537DA3D8A62}.Debug|x86.Build.0 = Debug|Any CPU
		{87C208A6-60D7-4D03-9AF4-C537DA3D8A62}.Release|Any CPU.ActiveCfg = Release|Any CPU
		{87C208A6-60D7-4D03-9AF4-C537DA3D8A62}.Release|Any CPU.Build.0 = Release|Any CPU
		{87C208A6-60D7-4D03-9AF4-C537DA3D8A62}.Release|x64.ActiveCfg = Release|Any CPU
		{87C208A6-60D7-4D03-9AF4-C537DA3D8A62}.Release|x64.Build.0 = Release|Any CPU
		{87C208A6-60D7-4D03-9AF4-C537DA3D8A62}.Release|x86.ActiveCfg = Release|Any CPU
		{87C208A6-60D7-4D03-9AF4-C537DA3D8A62}.Release|x86.Build.0 = Release|Any CPU
		{52D99257-C97B-4E11-80F8-E6C3314FFE66}.Debug|Any CPU.ActiveCfg = Debug|Any CPU
		{52D99257-C97B-4E11-80F8-E6C3314FFE66}.Debug|Any CPU.Build.0 = Debug|Any CPU
		{52D99257-C97B-4E11-80F8-E6C3314FFE66}.Debug|x64.ActiveCfg = Debug|Any CPU
		{52D99257-C97B-4E11-80F8-E6C3314FFE66}.Debug|x64.Build.0 = Debug|Any CPU
		{52D99257-C97B-4E11-80F8-E6C3314FFE66}.Debug|x86.ActiveCfg = Debug|Any CPU
		{52D99257-C97B-4E11-80F8-E6C3314FFE66}.Debug|x86.Build.0 = Debug|Any CPU
		{52D99257-C97B-4E11-80F8-E6C3314FFE66}.Release|Any CPU.ActiveCfg = Release|Any CPU
		{52D99257-C97B-4E11-80F8-E6C3314FFE66}.Release|Any CPU.Build.0 = Release|Any CPU
		{52D99257-C97B-4E11-80F8-E6C3314FFE66}.Release|x64.ActiveCfg = Release|Any CPU
		{52D99257-C97B-4E11-80F8-E6C3314FFE66}.Release|x64.Build.0 = Release|Any CPU
		{52D99257-C97B-4E11-80F8-E6C3314FFE66}.Release|x86.ActiveCfg = Release|Any CPU
		{52D99257-C97B-4E11-80F8-E6C3314FFE66}.Release|x86.Build.0 = Release|Any CPU
		{7D9490B5-FD0C-4C8D-BC33-46C5B39F9256}.Debug|Any CPU.ActiveCfg = Debug|Any CPU
		{7D9490B5-FD0C-4C8D-BC33-46C5B39F9256}.Debug|Any CPU.Build.0 = Debug|Any CPU
		{7D9490B5-FD0C-4C8D-BC33-46C5B39F9256}.Debug|x64.ActiveCfg = Debug|Any CPU
		{7D9490B5-FD0C-4C8D-BC33-46C5B39F9256}.Debug|x64.Build.0 = Debug|Any CPU
		{7D9490B5-FD0C-4C8D-BC33-46C5B39F9256}.Debug|x86.ActiveCfg = Debug|Any CPU
		{7D9490B5-FD0C-4C8D-BC33-46C5B39F9256}.Debug|x86.Build.0 = Debug|Any CPU
		{7D9490B5-FD0C-4C8D-BC33-46C5B39F9256}.Release|Any CPU.ActiveCfg = Release|Any CPU
		{7D9490B5-FD0C-4C8D-BC33-46C5B39F9256}.Release|Any CPU.Build.0 = Release|Any CPU
		{7D9490B5-FD0C-4C8D-BC33-46C5B39F9256}.Release|x64.ActiveCfg = Release|Any CPU
		{7D9490B5-FD0C-4C8D-BC33-46C5B39F9256}.Release|x64.Build.0 = Release|Any CPU
		{7D9490B5-FD0C-4C8D-BC33-46C5B39F9256}.Release|x86.ActiveCfg = Release|Any CPU
		{7D9490B5-FD0C-4C8D-BC33-46C5B39F9256}.Release|x86.Build.0 = Release|Any CPU
		{B019D4D1-F598-47F5-80E6-6141CCED33E6}.Debug|Any CPU.ActiveCfg = Debug|Any CPU
		{B019D4D1-F598-47F5-80E6-6141CCED33E6}.Debug|Any CPU.Build.0 = Debug|Any CPU
		{B019D4D1-F598-47F5-80E6-6141CCED33E6}.Debug|x64.ActiveCfg = Debug|Any CPU
		{B019D4D1-F598-47F5-80E6-6141CCED33E6}.Debug|x64.Build.0 = Debug|Any CPU
		{B019D4D1-F598-47F5-80E6-6141CCED33E6}.Debug|x86.ActiveCfg = Debug|Any CPU
		{B019D4D1-F598-47F5-80E6-6141CCED33E6}.Debug|x86.Build.0 = Debug|Any CPU
		{B019D4D1-F598-47F5-80E6-6141CCED33E6}.Release|Any CPU.ActiveCfg = Release|Any CPU
		{B019D4D1-F598-47F5-80E6-6141CCED33E6}.Release|Any CPU.Build.0 = Release|Any CPU
		{B019D4D1-F598-47F5-80E6-6141CCED33E6}.Release|x64.ActiveCfg = Release|Any CPU
		{B019D4D1-F598-47F5-80E6-6141CCED33E6}.Release|x64.Build.0 = Release|Any CPU
		{B019D4D1-F598-47F5-80E6-6141CCED33E6}.Release|x86.ActiveCfg = Release|Any CPU
		{B019D4D1-F598-47F5-80E6-6141CCED33E6}.Release|x86.Build.0 = Release|Any CPU
		{78576036-46E4-4920-8A92-E923F2610B81}.Debug|Any CPU.ActiveCfg = Debug|Any CPU
		{78576036-46E4-4920-8A92-E923F2610B81}.Debug|Any CPU.Build.0 = Debug|Any CPU
		{78576036-46E4-4920-8A92-E923F2610B81}.Debug|x64.ActiveCfg = Debug|Any CPU
		{78576036-46E4-4920-8A92-E923F2610B81}.Debug|x64.Build.0 = Debug|Any CPU
		{78576036-46E4-4920-8A92-E923F2610B81}.Debug|x86.ActiveCfg = Debug|Any CPU
		{78576036-46E4-4920-8A92-E923F2610B81}.Debug|x86.Build.0 = Debug|Any CPU
		{78576036-46E4-4920-8A92-E923F2610B81}.Release|Any CPU.ActiveCfg = Release|Any CPU
		{78576036-46E4-4920-8A92-E923F2610B81}.Release|Any CPU.Build.0 = Release|Any CPU
		{78576036-46E4-4920-8A92-E923F2610B81}.Release|x64.ActiveCfg = Release|Any CPU
		{78576036-46E4-4920-8A92-E923F2610B81}.Release|x64.Build.0 = Release|Any CPU
		{78576036-46E4-4920-8A92-E923F2610B81}.Release|x86.ActiveCfg = Release|Any CPU
		{78576036-46E4-4920-8A92-E923F2610B81}.Release|x86.Build.0 = Release|Any CPU
		{B8FDD2D0-39C7-4BA6-8885-F8DA57778C0A}.Debug|Any CPU.ActiveCfg = Debug|Any CPU
		{B8FDD2D0-39C7-4BA6-8885-F8DA57778C0A}.Debug|Any CPU.Build.0 = Debug|Any CPU
		{B8FDD2D0-39C7-4BA6-8885-F8DA57778C0A}.Debug|x64.ActiveCfg = Debug|Any CPU
		{B8FDD2D0-39C7-4BA6-8885-F8DA57778C0A}.Debug|x64.Build.0 = Debug|Any CPU
		{B8FDD2D0-39C7-4BA6-8885-F8DA57778C0A}.Debug|x86.ActiveCfg = Debug|Any CPU
		{B8FDD2D0-39C7-4BA6-8885-F8DA57778C0A}.Debug|x86.Build.0 = Debug|Any CPU
		{B8FDD2D0-39C7-4BA6-8885-F8DA57778C0A}.Release|Any CPU.ActiveCfg = Release|Any CPU
		{B8FDD2D0-39C7-4BA6-8885-F8DA57778C0A}.Release|Any CPU.Build.0 = Release|Any CPU
		{B8FDD2D0-39C7-4BA6-8885-F8DA57778C0A}.Release|x64.ActiveCfg = Release|Any CPU
		{B8FDD2D0-39C7-4BA6-8885-F8DA57778C0A}.Release|x64.Build.0 = Release|Any CPU
		{B8FDD2D0-39C7-4BA6-8885-F8DA57778C0A}.Release|x86.ActiveCfg = Release|Any CPU
		{B8FDD2D0-39C7-4BA6-8885-F8DA57778C0A}.Release|x86.Build.0 = Release|Any CPU
	EndGlobalSection
EndGlobal
